
Microsoft Visual Studio Solution File, Format Version 12.00
# Visual Studio Version 17
VisualStudioVersion = 17.14.37516.0 d17.14
MinimumVisualStudioVersion = 10.0.40219.1
Project("{FAE04EC0-301F-11D3-BF4B-00C04F79EFBC}") = "Kasir-ExampleApp", "Kasir-ExampleApp.csproj", "{00873099-5D33-48F1-9C7E-6FD645D4D75E}"
EndProject
Global
	GlobalSection(SolutionConfigurationPlatforms) = preSolution
		Debug|Any CPU = Debug|Any CPU
		Release|Any CPU = Release|Any CPU
	EndGlobalSection
	GlobalSection(ProjectConfigurationPlatforms) = postSolution
		{00873099-5D33-48F1-9C7E-6FD645D4D75E}.Debug|Any CPU.ActiveCfg = Debug|Any CPU
		{00873099-5D33-48F1-9C7E-6FD645D4D75E}.Debug|Any CPU.Build.0 = Debug|Any CPU
		{00873099-5D33-48F1-9C7E-6FD645D4D75E}.Release|Any CPU.ActiveCfg = Release|Any CPU
		{00873099-5D33-48F1-9C7E-6FD645D4D75E}.Release|Any CPU.Build.0 = Release|Any CPU
	EndGlobalSection
	GlobalSection(SolutionProperties) = preSolution
		HideSolutionNode = FALSE
	EndGlobalSection
	GlobalSection(ExtensibilityGlobals) = postSolution
		SolutionGuid = {ED2C0CCB-2273-46B3-BEB0-5BFA1A8F29CD}
	EndGlobalSection
EndGlobal
